dependencies:
  esp-idf-lib/esp_idf_lib_helpers:
    dependencies: []
    source:
      path: /home/migbert/proyectos/ESP-IDF/DHT11_Oled_Info/components/esp-idf-lib__esp_idf_lib_helpers
      type: local
    version: 1.3.10
  idf:
    source:
      type: idf
    version: 5.5.1
direct_dependencies:
- esp-idf-lib/esp_idf_lib_helpers
- idf
manifest_hash: 9d99d4faf49a09519a05f1de53571b07cd1117da35e422d6367f3d1bdc245d4f
target: esp32c3
version: 2.0.0
