dependencies:
  esp-idf-lib/esp_idf_lib_helpers:
    dependencies: []
    source:
      path: /home/migbert/proyectos/ESP-IDF/DHT11_Oled_Info/components/esp-idf-lib__esp_idf_lib_helpers
      type: local
    version: 1.3.10
  idf:
    source:
      type: idf
    version: 5.5.1
direct_dependencies:
- esp-idf-lib/esp_idf_lib_helpers
manifest_hash: 178019bdc40dbf363bc04b39b548d5bfd4df5c1417fb4e7320f69e67d3cd40a2
target: esp32c3
version: 2.0.0
